
Microsoft Visual Studio Solution File, Format Version 12.00
# Visual Studio Version 16
VisualStudioVersion = 16.0.30225.117
MinimumVisualStudioVersion = 10.0.40219.1
Project("{FAE04EC0-301F-11D3-BF4B-00C04F79EFBC}") = "WebApplication3", "WebApplication3\WebApplication3.csproj", "{FAE4062E-3398-4FD0-AC97-40638F115E2F}"
EndProject
Global
	GlobalSection(SolutionConfigurationPlatforms) = preSolution
		Debug|Any CPU = Debug|Any CPU
		Release|Any CPU = Release|Any CPU
	EndGlobalSection
	GlobalSection(ProjectConfigurationPlatforms) = postSolution
		{FAE4062E-3398-4FD0-AC97-40638F115E2F}.Debug|Any CPU.ActiveCfg = Debug|Any CPU
		{FAE4062E-3398-4FD0-AC97-40638F115E2F}.Debug|Any CPU.Build.0 = Debug|Any CPU
		{FAE4062E-3398-4FD0-AC97-40638F115E2F}.Release|Any CPU.ActiveCfg = Release|Any CPU
		{FAE4062E-3398-4FD0-AC97-40638F115E2F}.Release|Any CPU.Build.0 = Release|Any CPU
	EndGlobalSection
	GlobalSection(SolutionProperties) = preSolution
		HideSolutionNode = FALSE
	EndGlobalSection
	GlobalSection(ExtensibilityGlobals) = postSolution
		SolutionGuid = {53702ED8-34D2-41C7-884B-43EBC6B2F4E6}
	EndGlobalSection
EndGlobal
